{
  "name": "@rsksmart/rns-auction-registrar",
  "version": "1.0.1",
  "lockfileVersion": 1,
  "requires": true,
  "dependencies": {
    "@openzeppelin/contracts": {
      "version": "2.4.0",
      "resolved": "https://registry.npmjs.org/@openzeppelin/contracts/-/contracts-2.4.0.tgz",
      "integrity": "sha512-xeKP59REgow5TPBJh3S9BRIm7DDG+Rz3Nt4ANWGUkjk4305DHpyUD5CyMJ6nd2JMmZuFyx4mjvvlCtSJLRnN6w=="
    },
    "@rsksmart/erc677": {
      "version": "1.0.1",
      "resolved": "https://registry.npmjs.org/@rsksmart/erc677/-/erc677-1.0.1.tgz",
      "integrity": "sha512-TzQQAWqLxyMCEMqbpqfJQdQEpqX64Eo1Y2+SSwzPUASYlGrgoijlIQo08XWBANpinnSSu8m/aRQb1Cnr3RVAkQ==",
      "requires": {
        "@openzeppelin/contracts": "^2.4.0"
      }
    },
    "@rsksmart/rns-registry": {
      "version": "1.0.0",
      "resolved": "https://registry.npmjs.org/@rsksmart/rns-registry/-/rns-registry-1.0.0.tgz",
      "integrity": "sha512-rn68uGGvU90dtdNcyXXGGhbIPsek/W7cHGN8UqYLomhAXX3OFQd+JDSVkJUBOOY92Ou9V5TYhUh3NOzSv5/1+Q=="
    }
  }
}
